
Microsoft Visual Studio Solution File, Format Version 12.00
# Visual Studio Version 16
VisualStudioVersion = 16.0.32228.343
MinimumVisualStudioVersion = 10.0.40219.1
Project("{FAE04EC0-301F-11D3-BF4B-00C04F79EFBC}") = "Entities", "Entities\Entities.csproj", "{559EA74F-4E12-498A-B02D-70362A4BC1D5}"
EndProject
Project("{FAE04EC0-301F-11D3-BF4B-00C04F79EFBC}") = "Business", "Business\Business.csproj", "{1251928A-67F7-4AD6-86A7-5A88A065D58A}"
EndProject
Project("{FAE04EC0-301F-11D3-BF4B-00C04F79EFBC}") = "DataAccess", "DataAccess\DataAccess.csproj", "{94BF6869-88CD-4230-A92F-ED51738CF862}"
EndProject
Project("{FAE04EC0-301F-11D3-BF4B-00C04F79EFBC}") = "Core", "Core\Core.csproj", "{EF9B5402-2562-4270-BDEF-3F02FB32D2A9}"
EndProject
Project("{FAE04EC0-301F-11D3-BF4B-00C04F79EFBC}") = "MvcWebUI", "MvcWebUI\MvcWebUI.csproj", "{38187FE6-32B3-40ED-B262-445E22D15B34}"
EndProject
Project("{FAE04EC0-301F-11D3-BF4B-00C04F79EFBC}") = "WebAPI", "WebAPI\WebAPI.csproj", "{3B4FE84E-3B8B-48AC-A292-35DE1889A71A}"
EndProject
Global
	GlobalSection(SolutionConfigurationPlatforms) = preSolution
		Debug|Any CPU = Debug|Any CPU
		Release|Any CPU = Release|Any CPU
	EndGlobalSection
	GlobalSection(ProjectConfigurationPlatforms) = postSolution
		{559EA74F-4E12-498A-B02D-70362A4BC1D5}.Debug|Any CPU.ActiveCfg = Debug|Any CPU
		{559EA74F-4E12-498A-B02D-70362A4BC1D5}.Debug|Any CPU.Build.0 = Debug|Any CPU
		{559EA74F-4E12-498A-B02D-70362A4BC1D5}.Release|Any CPU.ActiveCfg = Release|Any CPU
		{559EA74F-4E12-498A-B02D-70362A4BC1D5}.Release|Any CPU.Build.0 = Release|Any CPU
		{1251928A-67F7-4AD6-86A7-5A88A065D58A}.Debug|Any CPU.ActiveCfg = Debug|Any CPU
		{1251928A-67F7-4AD6-86A7-5A88A065D58A}.Debug|Any CPU.Build.0 = Debug|Any CPU
		{1251928A-67F7-4AD6-86A7-5A88A065D58A}.Release|Any CPU.ActiveCfg = Release|Any CPU
		{1251928A-67F7-4AD6-86A7-5A88A065D58A}.Release|Any CPU.Build.0 = Release|Any CPU
		{94BF6869-88CD-4230-A92F-ED51738CF862}.Debug|Any CPU.ActiveCfg = Debug|Any CPU
		{94BF6869-88CD-4230-A92F-ED51738CF862}.Debug|Any CPU.Build.0 = Debug|Any CPU
		{94BF6869-88CD-4230-A92F-ED51738CF862}.Release|Any CPU.ActiveCfg = Release|Any CPU
		{94BF6869-88CD-4230-A92F-ED51738CF862}.Release|Any CPU.Build.0 = Release|Any CPU
		{EF9B5402-2562-4270-BDEF-3F02FB32D2A9}.Debug|Any CPU.ActiveCfg = Debug|Any CPU
		{EF9B5402-2562-4270-BDEF-3F02FB32D2A9}.Debug|Any CPU.Build.0 = Debug|Any CPU
		{EF9B5402-2562-4270-BDEF-3F02FB32D2A9}.Release|Any CPU.ActiveCfg = Release|Any CPU
		{EF9B5402-2562-4270-BDEF-3F02FB32D2A9}.Release|Any CPU.Build.0 = Release|Any CPU
		{38187FE6-32B3-40ED-B262-445E22D15B34}.Debug|Any CPU.ActiveCfg = Debug|Any CPU
		{38187FE6-32B3-40ED-B262-445E22D15B34}.Debug|Any CPU.Build.0 = Debug|Any CPU
		{38187FE6-32B3-40ED-B262-445E22D15B34}.Release|Any CPU.ActiveCfg = Release|Any CPU
		{38187FE6-32B3-40ED-B262-445E22D15B34}.Release|Any CPU.Build.0 = Release|Any CPU
		{3B4FE84E-3B8B-48AC-A292-35DE1889A71A}.Debug|Any CPU.ActiveCfg = Debug|Any CPU
		{3B4FE84E-3B8B-48AC-A292-35DE1889A71A}.Debug|Any CPU.Build.0 = Debug|Any CPU
		{3B4FE84E-3B8B-48AC-A292-35DE1889A71A}.Release|Any CPU.ActiveCfg = Release|Any CPU
		{3B4FE84E-3B8B-48AC-A292-35DE1889A71A}.Release|Any CPU.Build.0 = Release|Any CPU
	EndGlobalSection
	GlobalSection(SolutionProperties) = preSolution
		HideSolutionNode = FALSE
	EndGlobalSection
	GlobalSection(ExtensibilityGlobals) = postSolution
		SolutionGuid = {2996CC6F-F44A-4327-9D70-CFAF4B0236DD}
	EndGlobalSection
EndGlobal
